
Microsoft Visual Studio Solution File, Format Version 12.00
# Visual Studio 15
VisualStudioVersion = 15.0.27130.2027
MinimumVisualStudioVersion = 10.0.40219.1
Project("{8BC9CEB8-8B4A-11D0-8D11-00A0C91BC942}") = "deadmult", "deadmult\deadmult.vcxproj", "{6CD1B853-EE2D-4087-82EC-AEB64297F559}"
EndProject
Global
	GlobalSection(SolutionConfigurationPlatforms) = preSolution
		Debug|x64 = Debug|x64
		Debug|x86 = Debug|x86
		Release|x64 = Release|x64
		Release|x86 = Release|x86
	EndGlobalSection
	GlobalSection(ProjectConfigurationPlatforms) = postSolution
		{6CD1B853-EE2D-4087-82EC-AEB64297F559}.Debug|x64.ActiveCfg = Debug|x64
		{6CD1B853-EE2D-4087-82EC-AEB64297F559}.Debug|x64.Build.0 = Debug|x64
		{6CD1B853-EE2D-4087-82EC-AEB64297F559}.Debug|x86.ActiveCfg = Debug|Win32
		{6CD1B853-EE2D-4087-82EC-AEB64297F559}.Debug|x86.Build.0 = Debug|Win32
		{6CD1B853-EE2D-4087-82EC-AEB64297F559}.Release|x64.ActiveCfg = Release|x64
		{6CD1B853-EE2D-4087-82EC-AEB64297F559}.Release|x64.Build.0 = Release|x64
		{6CD1B853-EE2D-4087-82EC-AEB64297F559}.Release|x86.ActiveCfg = Release|Win32
		{6CD1B853-EE2D-4087-82EC-AEB64297F559}.Release|x86.Build.0 = Release|Win32
	EndGlobalSection
	GlobalSection(SolutionProperties) = preSolution
		HideSolutionNode = FALSE
	EndGlobalSection
	GlobalSection(ExtensibilityGlobals) = postSolution
		SolutionGuid = {3A114BD5-2A93-453D-A0AA-A9BCE8BA9C0E}
	EndGlobalSection
EndGlobal
